// !$*UTF8*$!
{
	archiveVersion = 1;
	classes = {
	};
	objectVersion = 46;
	objects = {

/* Begin PBXBuildFile section */
		251BBCE01AA8C58200A2C44D /* main.m in Sources */ = {isa = PBXBuildFile; fileRef = 251BBCDF1AA8C58200A2C44D /* main.m */; };
		251BBCE31AA8C58200A2C44D /* AppDelegate.m in Sources */ = {isa = PBXBuildFile; fileRef = 251BBCE21AA8C58200A2C44D /* AppDelegate.m */; };
		251BBCE61AA8C58200A2C44D /* ViewController.m in Sources */ = {isa = PBXBuildFile; fileRef = 251BBCE51AA8C58200A2C44D /* ViewController.m */; };
		251BBCE91AA8C58200A2C44D /* Main.storyboard in Resources */ = {isa = PBXBuildFile; fileRef = 251BBCE71AA8C58200A2C44D /* Main.storyboard */; };
		251BBCEB1AA8C58200A2C44D /* Images.xcassets in Resources */ = {isa = PBXBuildFile; fileRef = 251BBCEA1AA8C58200A2C44D /* Images.xcassets */; };
		251BBCEE1AA8C58200A2C44D /* LaunchScreen.xib in Resources */ = {isa = PBXBuildFile; fileRef = 251BBCEC1AA8C58200A2C44D /* LaunchScreen.xib */; };
		251BBCFA1AA8C58200A2C44D /* SampleProjectTests.m in Sources */ = {isa = PBXBuildFile; fileRef = 251BBCF91AA8C58200A2C44D /* SampleProjectTests.m */; };
/* End PBXBuildFile section */

/* Begin PBXContainerItemProxy section */
		251BBCF41AA8C58200A2C44D /* PBXContainerItemProxy */ = {
			isa = PBXContainerItemProxy;
			containerPortal = 251BBCD21AA8C58200A2C44D /* Project object */;
			proxyType = 1;
			remoteGlobalIDString = 251BBCD91AA8C58200A2C44D;
			remoteInfo = SampleProject;
		};
/* End PBXContainerItemProxy section */

/* Begin PBXFileReference section */
		251BBCDA1AA8C58200A2C44D /* SampleProject.app */ = {isa = PBXFileReference; explicitFileType = wrapper.application; includeInIndex = 0; path = SampleProject.app; sourceTree = BUILT_PRODUCTS_DIR; };
		251BBCDE1AA8C58200A2C44D /* Info.plist */ = {isa = PBXFileReference; lastKnownFileType = text.plist.xml; path = Info.plist; sourceTree = "<group>"; };
		251BBCDF1AA8C58200A2C44D /* main.m */ = {isa = PBXFileReference; lastKnownFileType = sourcecode.c.objc; path = main.m; sourceTree = "<group>"; };
		251BBCE11AA8C58200A2C44D /* AppDelegate.h */ = {isa = PBXFileReference; lastKnownFileType = sourcecode.c.h; path = AppDelegate.h; sourceTree = "<group>"; };
		251BBCE21AA8C58200A2C44D /* AppDelegate.m */ = {isa = PBXFileReference; lastKnownFileType = sourcecode.c.objc; path = AppDelegate.m; sourceTree = "<group>"; };
		251BBCE41AA8C58200A2C44D /* ViewController.h */ = {isa = PBXFileReference; lastKnownFileType = sourcecode.c.h; path = ViewController.h; sourceTree = "<group>"; };
		251BBCE51AA8C58200A2C44D /* ViewController.m */ = {isa = PBXFileReference; lastKnownFileType = sourcecode.c.objc; path = ViewController.m; sourceTree = "<group>"; };
		251BBCE81AA8C58200A2C44D /* Base */ = {isa = PBXFileReference; lastKnownFileType = file.storyboard; name = Base; path = Base.lproj/Main.storyboard; sourceTree = "<group>"; };
		251BBCEA1AA8C58200A2C44D /* Images.xcassets */ = {isa = PBXFileReference; lastKnownFileType = folder.assetcatalog; path = Images.xcassets; sourceTree = "<group>"; };
		251BBCED1AA8C58200A2C44D /* Base */ = {isa = PBXFileReference; lastKnownFileType = file.xib; name = Base; path = Base.lproj/LaunchScreen.xib; sourceTree = "<group>"; };
		251BBCF31AA8C58200A2C44D /* SampleProjectTests.xctest */ = {isa = PBXFileReference; explicitFileType = wrapper.cfbundle; includeInIndex = 0; path = SampleProjectTests.xctest; sourceTree = BUILT_PRODUCTS_DIR; };
		251BBCF81AA8C58200A2C44D /* Info.plist */ = {isa = PBXFileReference; lastKnownFileType = text.plist.xml; path = Info.plist; sourceTree = "<group>"; };
		251BBCF91AA8C58200A2C44D /* SampleProjectTests.m */ = {isa = PBXFileReference; lastKnownFileType = sourcecode.c.objc; path = SampleProjectTests.m; sourceTree = "<group>"; };
/* End PBXFileReference section */

/* Begin PBXFrameworksBuildPhase section */
		251BBCD71AA8C58200A2C44D /* Frameworks */ = {
			isa = PBXFrameworksBuildPhase;
			buildActionMask = 2147483647;
			files = (
			);
			runOnlyForDeploymentPostprocessing = 0;
		};
		251BBCF01AA8C58200A2C44D /* Frameworks */ = {
			isa = PBXFrameworksBuildPhase;
			buildActionMask = 2147483647;
			files = (
			);
			runOnlyForDeploymentPostprocessing = 0;
		};
/* End PBXFrameworksBuildPhase section */

/* Begin PBXGroup section */
		251BBCD11AA8C58200A2C44D = {
			isa = PBXGroup;
			children = (
				251BBCDC1AA8C58200A2C44D /* SampleProject */,
				251BBCF61AA8C58200A2C44D /* SampleProjectTests */,
				251BBCDB1AA8C58200A2C44D /* Products */,
			);
			sourceTree = "<group>";
		};
		251BBCDB1AA8C58200A2C44D /* Products */ = {
			isa = PBXGroup;
			children = (
				251BBCDA1AA8C58200A2C44D /* SampleProject.app */,
				251BBCF31AA8C58200A2C44D /* SampleProjectTests.xctest */,
			);
			name = Products;
			sourceTree = "<group>";
		};
		251BBCDC1AA8C58200A2C44D /* SampleProject */ = {
			isa = PBXGroup;
			children = (
				251BBCE11AA8C58200A2C44D /* AppDelegate.h */,
				251BBCE21AA8C58200A2C44D /* AppDelegate.m */,
				251BBCE41AA8C58200A2C44D /* ViewController.h */,
				251BBCE51AA8C58200A2C44D /* ViewController.m */,
				251BBCE71AA8C58200A2C44D /* Main.storyboard */,
				251BBCEA1AA8C58200A2C44D /* Images.xcassets */,
				251BBCEC1AA8C58200A2C44D /* LaunchScreen.xib */,
				251BBCDD1AA8C58200A2C44D /* Supporting Files */,
			);
			path = SampleProject;
			sourceTree = "<group>";
		};
		251BBCDD1AA8C58200A2C44D /* Supporting Files */ = {
			isa = PBXGroup;
			children = (
				251BBCDE1AA8C58200A2C44D /* Info.plist */,
				251BBCDF1AA8C58200A2C44D /* main.m */,
			);
			name = "Supporting Files";
			sourceTree = "<group>";
		};
		251BBCF61AA8C58200A2C44D /* SampleProjectTests */ = {
			isa = PBXGroup;
			children = (
				251BBCF91AA8C58200A2C44D /* SampleProjectTests.m */,
				251BBCF71AA8C58200A2C44D /* Supporting Files */,
			);
			path = SampleProjectTests;
			sourceTree = "<group>";
		};
		251BBCF71AA8C58200A2C44D /* Supporting Files */ = {
			isa = PBXGroup;
			children = (
				251BBCF81AA8C58200A2C44D /* Info.plist */,
			);
			name = "Supporting Files";
			sourceTree = "<group>";
		};
/* End PBXGroup section */

/* Begin PBXNativeTarget section */
		251BBCD91AA8C58200A2C44D /* SampleProject */ = {
			isa = PBXNativeTarget;
			buildConfigurationList = 251BBCFD1AA8C58200A2C44D /* Build configuration list for PBXNativeTarget "SampleProject" */;
			buildPhases = (
				251BBCD61AA8C58200A2C44D /* Sources */,
				251BBCD71AA8C58200A2C44D /* Frameworks */,
				251BBCD81AA8C58200A2C44D /* Resources */,
			);
			buildRules = (
			);
			dependencies = (
			);
			name = SampleProject;
			productName = SampleProject;
			productReference = 251BBCDA1AA8C58200A2C44D /* SampleProject.app */;
			productType = "com.apple.product-type.application";
		};
		251BBCF21AA8C58200A2C44D /* SampleProjectTests */ = {
			isa = PBXNativeTarget;
			buildConfigurationList = 251BBD001AA8C58200A2C44D /* Build configuration list for PBXNativeTarget "SampleProjectTests" */;
			buildPhases = (
				251BBCEF1AA8C58200A2C44D /* Sources */,
				251BBCF01AA8C58200A2C44D /* Frameworks */,
				251BBCF11AA8C58200A2C44D /* Resources */,
			);
			buildRules = (
			);
			dependencies = (
				251BBCF51AA8C58200A2C44D /* PBXTargetDependency */,
			);
			name = SampleProjectTests;
			productName = SampleProjectTests;
			productReference = 251BBCF31AA8C58200A2C44D /* SampleProjectTests.xctest */;
			productType = "com.apple.product-type.bundle.unit-test";
		};
/* End PBXNativeTarget section */

/* Begin PBXProject section */
		251BBCD21AA8C58200A2C44D /* Project object */ = {
			isa = PBXProject;
			attributes = {
				LastUpgradeCheck = 0610;
				ORGANIZATIONNAME = "Jure Zove";
				TargetAttributes = {
					251BBCD91AA8C58200A2C44D = {
						CreatedOnToolsVersion = 6.1.1;
					};
					251BBCF21AA8C58200A2C44D = {
						CreatedOnToolsVersion = 6.1.1;
						TestTargetID = 251BBCD91AA8C58200A2C44D;
					};
				};
			};
			buildConfigurationList = 251BBCD51AA8C58200A2C44D /* Build configuration list for PBXProject "SampleProject" */;
			compatibilityVersion = "Xcode 3.2";
			developmentRegion = English;
			hasScannedForEncodings = 0;
			knownRegions = (
				en,
				Base,
			);
			mainGroup = 251BBCD11AA8C58200A2C44D;
			productRefGroup = 251BBCDB1AA8C58200A2C44D /* Products */;
			projectDirPath = "";
			projectRoot = "";
			targets = (
				251BBCD91AA8C58200A2C44D /* SampleProject */,
				251BBCF21AA8C58200A2C44D /* SampleProjectTests */,
			);
		};
/* End PBXProject section */

/* Begin PBXResourcesBuildPhase section */
		251BBCD81AA8C58200A2C44D /* Resources */ = {
			isa = PBXResourcesBuildPhase;
			buildActionMask = 2147483647;
			files = (
				251BBCE91AA8C58200A2C44D /* Main.storyboard in Resources */,
				251BBCEE1AA8C58200A2C44D /* LaunchScreen.xib in Resources */,
				251BBCEB1AA8C58200A2C44D /* Images.xcassets in Resources */,
			);
			runOnlyForDeploymentPostprocessing = 0;
		};
		251BBCF11AA8C58200A2C44D /* Resources */ = {
			isa = PBXResourcesBuildPhase;
			buildActionMask = 2147483647;
			files = (
			);
			runOnlyForDeploymentPostprocessing = 0;
		};
/* End PBXResourcesBuildPhase section */

/* Begin PBXSourcesBuildPhase section */
		251BBCD61AA8C58200A2C44D /* Sources */ = {
			isa = PBXSourcesBuildPhase;
			buildActionMask = 2147483647;
			files = (
				251BBCE61AA8C58200A2C44D /* ViewController.m in Sources */,
				251BBCE31AA8C58200A2C44D /* AppDelegate.m in Sources */,
				251BBCE01AA8C58200A2C44D /* main.m in Sources */,
			);
			runOnlyForDeploymentPostprocessing = 0;
		};
		251BBCEF1AA8C58200A2C44D /* Sources */ = {
			isa = PBXSourcesBuildPhase;
			buildActionMask = 2147483647;
			files = (
				251BBCFA1AA8C58200A2C44D /* SampleProjectTests.m in Sources */,
			);
			runOnlyForDeploymentPostprocessing = 0;
		};
/* End PBXSourcesBuildPhase section */

/* Begin PBXTargetDependency section */
		251BBCF51AA8C58200A2C44D /* PBXTargetDependency */ = {
			isa = PBXTargetDependency;
			target = 251BBCD91AA8C58200A2C44D /* SampleProject */;
			targetProxy = 251BBCF41AA8C58200A2C44D /* PBXContainerItemProxy */;
		};
/* End PBXTargetDependency section */

/* Begin PBXVariantGroup section */
		251BBCE71AA8C58200A2C44D /* Main.storyboard */ = {
			isa = PBXVariantGroup;
			children = (
				251BBCE81AA8C58200A2C44D /* Base */,
			);
			name = Main.storyboard;
			sourceTree = "<group>";
		};
		251BBCEC1AA8C58200A2C44D /* LaunchScreen.xib */ = {
			isa = PBXVariantGroup;
			children = (
				251BBCED1AA8C58200A2C44D /* Base */,
			);
			name = LaunchScreen.xib;
			sourceTree = "<group>";
		};
/* End PBXVariantGroup section */

/* Begin XCBuildConfiguration section */
		251BBCFB1AA8C58200A2C44D /* Debug */ = {
			isa = XCBuildConfiguration;
			buildSettings = {
				ALWAYS_SEARCH_USER_PATHS = NO;
				CLANG_CXX_LANGUAGE_STANDARD = "gnu++0x";
				CLANG_CXX_LIBRARY = "libc++";
				CLANG_ENABLE_MODULES = YES;
				CLANG_ENABLE_OBJC_ARC = YES;
				CLANG_WARN_BOOL_CONVERSION = YES;
				CLANG_WARN_CONSTANT_CONVERSION = YES;
				CLANG_WARN_DIRECT_OBJC_ISA_USAGE = YES_ERROR;
				CLANG_WARN_EMPTY_BODY = YES;
				CLANG_WARN_ENUM_CONVERSION = YES;
				CLANG_WARN_INT_CONVERSION = YES;
				CLANG_WARN_OBJC_ROOT_CLASS = YES_ERROR;
				CLANG_WARN_UNREACHABLE_CODE = YES;
				CLANG_WARN__DUPLICATE_METHOD_MATCH = YES;
				"CODE_SIGN_IDENTITY[sdk=iphoneos*]" = "iPhone Developer";
				COPY_PHASE_STRIP = NO;
				ENABLE_STRICT_OBJC_MSGSEND = YES;
				GCC_C_LANGUAGE_STANDARD = gnu99;
				GCC_DYNAMIC_NO_PIC = NO;
				GCC_OPTIMIZATION_LEVEL = 0;
				GCC_PREPROCESSOR_DEFINITIONS = (
					"DEBUG=1",
					"$(inherited)",
				);
				GCC_SYMBOLS_PRIVATE_EXTERN = NO;
				GCC_WARN_64_TO_32_BIT_CONVERSION = YES;
				GCC_WARN_ABOUT_RETURN_TYPE = YES_ERROR;
				GCC_WARN_UNDECLARED_SELECTOR = YES;
				GCC_WARN_UNINITIALIZED_AUTOS = YES_AGGRESSIVE;
				GCC_WARN_UNUSED_FUNCTION = YES;
				GCC_WARN_UNUSED_VARIABLE = YES;
				IPHONEOS_DEPLOYMENT_TARGET = 8.1;
				MTL_ENABLE_DEBUG_INFO = YES;
				ONLY_ACTIVE_ARCH = YES;
				SDKROOT = iphoneos;
			};
			name = Debug;
		};
		251BBCFC1AA8C58200A2C44D /* Release */ = {
			isa = XCBuildConfiguration;
			buildSettings = {
				ALWAYS_SEARCH_USER_PATHS = NO;
				CLANG_CXX_LANGUAGE_STANDARD = "gnu++0x";
				CLANG_CXX_LIBRARY = "libc++";
				CLANG_ENABLE_MODULES = YES;
				CLANG_ENABLE_OBJC_ARC = YES;
				CLANG_WARN_BOOL_CONVERSION = YES;
				CLANG_WARN_CONSTANT_CONVERSION = YES;
				CLANG_WARN_DIRECT_OBJC_ISA_USAGE = YES_ERROR;
				CLANG_WARN_EMPTY_BODY = YES;
				CLANG_WARN_ENUM_CONVERSION = YES;
				CLANG_WARN_INT_CONVERSION = YES;
				CLANG_WARN_OBJC_ROOT_CLASS = YES_ERROR;
				CLANG_WARN_UNREACHABLE_CODE = YES;
				CLANG_WARN__DUPLICATE_METHOD_MATCH = YES;
				"CODE_SIGN_IDENTITY[sdk=iphoneos*]" = "iPhone Developer";
				COPY_PHASE_STRIP = YES;
				ENABLE_NS_ASSERTIONS = NO;
				ENABLE_STRICT_OBJC_MSGSEND = YES;
				GCC_C_LANGUAGE_STANDARD = gnu99;
				GCC_WARN_64_TO_32_BIT_CONVERSION = YES;
				GCC_WARN_ABOUT_RETURN_TYPE = YES_ERROR;
				GCC_WARN_UNDECLARED_SELECTOR = YES;
				GCC_WARN_UNINITIALIZED_AUTOS = YES_AGGRESSIVE;
				GCC_WARN_UNUSED_FUNCTION = YES;
				GCC_WARN_UNUSED_VARIABLE = YES;
				IPHONEOS_DEPLOYMENT_TARGET = 8.1;
				MTL_ENABLE_DEBUG_INFO = NO;
				SDKROOT = iphoneos;
				VALIDATE_PRODUCT = YES;
			};
			name = Release;
		};
		251BBCFE1AA8C58200A2C44D /* Debug */ = {
			isa = XCBuildConfiguration;
			buildSettings = {
				ASSETCATALOG_COMPILER_APPICON_NAME = AppIcon;
				INFOPLIST_FILE = SampleProject/Info.plist;
				LD_RUNPATH_SEARCH_PATHS = "$(inherited) @executable_path/Frameworks";
				PRODUCT_NAME = "$(TARGET_NAME)";
			};
			name = Debug;
		};
		251BBCFF1AA8C58200A2C44D /* Release */ = {
			isa = XCBuildConfiguration;
			buildSettings = {
				ASSETCATALOG_COMPILER_APPICON_NAME = AppIcon;
				INFOPLIST_FILE = SampleProject/Info.plist;
				LD_RUNPATH_SEARCH_PATHS = "$(inherited) @executable_path/Frameworks";
				PRODUCT_NAME = "$(TARGET_NAME)";
			};
			name = Release;
		};
		251BBD011AA8C58200A2C44D /* Debug */ = {
			isa = XCBuildConfiguration;
			buildSettings = {
				BUNDLE_LOADER = "$(TEST_HOST)";
				FRAMEWORK_SEARCH_PATHS = (
					"$(SDKROOT)/Developer/Library/Frameworks",
					"$(inherited)",
				);
				GCC_PREPROCESSOR_DEFINITIONS = (
					"DEBUG=1",
					"$(inherited)",
				);
				INFOPLIST_FILE = SampleProjectTests/Info.plist;
				LD_RUNPATH_SEARCH_PATHS = "$(inherited) @executable_path/Frameworks @loader_path/Frameworks";
				PRODUCT_NAME = "$(TARGET_NAME)";
				TEST_HOST = "$(BUILT_PRODUCTS_DIR)/SampleProject.app/SampleProject";
			};
			name = Debug;
		};
		251BBD021AA8C58200A2C44D /* Release */ = {
			isa = XCBuildConfiguration;
			buildSettings = {
				BUNDLE_LOADER = "$(TEST_HOST)";
				FRAMEWORK_SEARCH_PATHS = (
					"$(SDKROOT)/Developer/Library/Frameworks",
					"$(inherited)",
				);
				INFOPLIST_FILE = SampleProjectTests/Info.plist;
				LD_RUNPATH_SEARCH_PATHS = "$(inherited) @executable_path/Frameworks @loader_path/Frameworks";
				PRODUCT_NAME = "$(TARGET_NAME)";
				TEST_HOST = "$(BUILT_PRODUCTS_DIR)/SampleProject.app/SampleProject";
			};
			name = Release;
		};
/* End XCBuildConfiguration section */

/* Begin XCConfigurationList section */
		251BBCD51AA8C58200A2C44D /* Build configuration list for PBXProject "SampleProject" */ = {
			isa = XCConfigurationList;
			buildConfigurations = (
				251BBCFB1AA8C58200A2C44D /* Debug */,
				251BBCFC1AA8C58200A2C44D /* Release */,
			);
			defaultConfigurationIsVisible = 0;
			defaultConfigurationName = Release;
		};
		251BBCFD1AA8C58200A2C44D /* Build configuration list for PBXNativeTarget "SampleProject" */ = {
			isa = XCConfigurationList;
			buildConfigurations = (
				251BBCFE1AA8C58200A2C44D /* Debug */,
				251BBCFF1AA8C58200A2C44D /* Release */,
			);
			defaultConfigurationIsVisible = 0;
		};
		251BBD001AA8C58200A2C44D /* Build configuration list for PBXNativeTarget "SampleProjectTests" */ = {
			isa = XCConfigurationList;
			buildConfigurations = (
				251BBD011AA8C58200A2C44D /* Debug */,
				251BBD021AA8C58200A2C44D /* Release */,
			);
			defaultConfigurationIsVisible = 0;
		};
/* End XCConfigurationList section */
	};
	rootObject = 251BBCD21AA8C58200A2C44D /* Project object */;
}
