// !$*UTF8*$!
{
	archiveVersion = 1;
	classes = {
	};
	objectVersion = 46;
	objects = {

/* Begin PBXBuildFile section */
		251BBCE01AA8C58200A2C44D /* main.m in Sources */ = {isa = PBXBuildFile; fileRef = 251BBCDF1AA8C58200A2C44D /* main.m */; };
		251BBCE31AA8C58200A2C44D /* AppDelegate.m in Sources */ = {isa = PBXBuildFile; fileRef = 251BBCE21AA8C58200A2C44D /* AppDelegate.m */; };
		251BBCE61AA8C58200A2C44D /* ViewController.m in Sources */ = {isa = PBXBuildFile; fileRef = 251BBCE51AA8C58200A2C44D /* ViewController.m */; };
		251BBCE91AA8C58200A2C44D /* Main.storyboard in Resources */ = {isa = PBXBuildFile; fileRef = 251BBCE71AA8C58200A2C44D /* Main.storyboard */; };
		251BBCEB1AA8C58200A2C44D /* Images.xcassets in Resources */ = {isa = PBXBuildFile; fileRef = 251BBCEA1AA8C58200A2C44D /* Images.xcassets */; };
		251BBCEE1AA8C58200A2C44D /* LaunchScreen.xib in Resources */ = {isa = PBXBuildFile; fileRef = 251BBCEC1AA8C58200A2C44D /* LaunchScreen.xib */; };
		259C0D781AA8C68E005B2DA9 /* SampleTestCase.m in Sources */ = {isa = PBXBuildFile; fileRef = 259C0D771AA8C68E005B2DA9 /* SampleTestCase.m */; };
		3E754703A72334785FE37065 /* libPods-SampleProject Tests.a in Frameworks */ = {isa = PBXBuildFile; fileRef = 419847A91FEFDE804E5BFCBD /* libPods-SampleProject Tests.a */; };
/* End PBXBuildFile section */

/* Begin PBXContainerItemProxy section */
		251BBD0D1AA8C5AD00A2C44D /* PBXContainerItemProxy */ = {
			isa = PBXContainerItemProxy;
			containerPortal = 251BBCD21AA8C58200A2C44D /* Project object */;
			proxyType = 1;
			remoteGlobalIDString = 251BBCD91AA8C58200A2C44D;
			remoteInfo = SampleProject;
		};
/* End PBXContainerItemProxy section */

/* Begin PBXFileReference section */
		251BBCDA1AA8C58200A2C44D /* SampleProject.app */ = {isa = PBXFileReference; explicitFileType = wrapper.application; includeInIndex = 0; path = SampleProject.app; sourceTree = BUILT_PRODUCTS_DIR; };
		251BBCDE1AA8C58200A2C44D /* Info.plist */ = {isa = PBXFileReference; lastKnownFileType = text.plist.xml; path = Info.plist; sourceTree = "<group>"; };
		251BBCDF1AA8C58200A2C44D /* main.m */ = {isa = PBXFileReference; lastKnownFileType = sourcecode.c.objc; path = main.m; sourceTree = "<group>"; };
		251BBCE11AA8C58200A2C44D /* AppDelegate.h */ = {isa = PBXFileReference; lastKnownFileType = sourcecode.c.h; path = AppDelegate.h; sourceTree = "<group>"; };
		251BBCE21AA8C58200A2C44D /* AppDelegate.m */ = {isa = PBXFileReference; lastKnownFileType = sourcecode.c.objc; path = AppDelegate.m; sourceTree = "<group>"; };
		251BBCE41AA8C58200A2C44D /* ViewController.h */ = {isa = PBXFileReference; lastKnownFileType = sourcecode.c.h; path = ViewController.h; sourceTree = "<group>"; };
		251BBCE51AA8C58200A2C44D /* ViewController.m */ = {isa = PBXFileReference; lastKnownFileType = sourcecode.c.objc; path = ViewController.m; sourceTree = "<group>"; };
		251BBCE81AA8C58200A2C44D /* Base */ = {isa = PBXFileReference; lastKnownFileType = file.storyboard; name = Base; path = Base.lproj/Main.storyboard; sourceTree = "<group>"; };
		251BBCEA1AA8C58200A2C44D /* Images.xcassets */ = {isa = PBXFileReference; lastKnownFileType = folder.assetcatalog; path = Images.xcassets; sourceTree = "<group>"; };
		251BBCED1AA8C58200A2C44D /* Base */ = {isa = PBXFileReference; lastKnownFileType = file.xib; name = Base; path = Base.lproj/LaunchScreen.xib; sourceTree = "<group>"; };
		251BBD071AA8C5AD00A2C44D /* SampleProject Tests.xctest */ = {isa = PBXFileReference; explicitFileType = wrapper.cfbundle; includeInIndex = 0; path = "SampleProject Tests.xctest"; sourceTree = BUILT_PRODUCTS_DIR; };
		251BBD0A1AA8C5AD00A2C44D /* Info.plist */ = {isa = PBXFileReference; lastKnownFileType = text.plist.xml; path = Info.plist; sourceTree = "<group>"; };
		259C0D761AA8C68E005B2DA9 /* SampleTestCase.h */ = {isa = PBXFileReference; fileEncoding = 4; lastKnownFileType = sourcecode.c.h; path = SampleTestCase.h; sourceTree = "<group>"; };
		259C0D771AA8C68E005B2DA9 /* SampleTestCase.m */ = {isa = PBXFileReference; fileEncoding = 4; lastKnownFileType = sourcecode.c.objc; path = SampleTestCase.m; sourceTree = "<group>"; };
		25D298057225F78D0B04A20B /* Pods-SampleProject Tests.debug.xcconfig */ = {isa = PBXFileReference; includeInIndex = 1; lastKnownFileType = text.xcconfig; name = "Pods-SampleProject Tests.debug.xcconfig"; path = "Pods/Target Support Files/Pods-SampleProject Tests/Pods-SampleProject Tests.debug.xcconfig"; sourceTree = "<group>"; };
		419847A91FEFDE804E5BFCBD /* libPods-SampleProject Tests.a */ = {isa = PBXFileReference; explicitFileType = archive.ar; includeInIndex = 0; path = "libPods-SampleProject Tests.a"; sourceTree = BUILT_PRODUCTS_DIR; };
		B70B214EDFD878FFAC31249D /* Pods-SampleProject Tests.release.xcconfig */ = {isa = PBXFileReference; includeInIndex = 1; lastKnownFileType = text.xcconfig; name = "Pods-SampleProject Tests.release.xcconfig"; path = "Pods/Target Support Files/Pods-SampleProject Tests/Pods-SampleProject Tests.release.xcconfig"; sourceTree = "<group>"; };
/* End PBXFileReference section */

/* Begin PBXFrameworksBuildPhase section */
		251BBCD71AA8C58200A2C44D /* Frameworks */ = {
			isa = PBXFrameworksBuildPhase;
			buildActionMask = 2147483647;
			files = (
			);
			runOnlyForDeploymentPostprocessing = 0;
		};
		251BBD041AA8C5AD00A2C44D /* Frameworks */ = {
			isa = PBXFrameworksBuildPhase;
			buildActionMask = 2147483647;
			files = (
				3E754703A72334785FE37065 /* libPods-SampleProject Tests.a in Frameworks */,
			);
			runOnlyForDeploymentPostprocessing = 0;
		};
/* End PBXFrameworksBuildPhase section */

/* Begin PBXGroup section */
		251BBCD11AA8C58200A2C44D = {
			isa = PBXGroup;
			children = (
				251BBCDC1AA8C58200A2C44D /* SampleProject */,
				251BBD081AA8C5AD00A2C44D /* SampleProject Tests */,
				251BBCDB1AA8C58200A2C44D /* Products */,
				4A123A18CE2B5ABD3F4A673F /* Pods */,
				82FA434F528D2F25CC87FE30 /* Frameworks */,
			);
			sourceTree = "<group>";
		};
		251BBCDB1AA8C58200A2C44D /* Products */ = {
			isa = PBXGroup;
			children = (
				251BBCDA1AA8C58200A2C44D /* SampleProject.app */,
				251BBD071AA8C5AD00A2C44D /* SampleProject Tests.xctest */,
			);
			name = Products;
			sourceTree = "<group>";
		};
		251BBCDC1AA8C58200A2C44D /* SampleProject */ = {
			isa = PBXGroup;
			children = (
				251BBCE11AA8C58200A2C44D /* AppDelegate.h */,
				251BBCE21AA8C58200A2C44D /* AppDelegate.m */,
				251BBCE41AA8C58200A2C44D /* ViewController.h */,
				251BBCE51AA8C58200A2C44D /* ViewController.m */,
				251BBCE71AA8C58200A2C44D /* Main.storyboard */,
				251BBCEA1AA8C58200A2C44D /* Images.xcassets */,
				251BBCEC1AA8C58200A2C44D /* LaunchScreen.xib */,
				251BBCDD1AA8C58200A2C44D /* Supporting Files */,
			);
			path = SampleProject;
			sourceTree = "<group>";
		};
		251BBCDD1AA8C58200A2C44D /* Supporting Files */ = {
			isa = PBXGroup;
			children = (
				251BBCDE1AA8C58200A2C44D /* Info.plist */,
				251BBCDF1AA8C58200A2C44D /* main.m */,
			);
			name = "Supporting Files";
			sourceTree = "<group>";
		};
		251BBD081AA8C5AD00A2C44D /* SampleProject Tests */ = {
			isa = PBXGroup;
			children = (
				251BBD091AA8C5AD00A2C44D /* Supporting Files */,
				259C0D761AA8C68E005B2DA9 /* SampleTestCase.h */,
				259C0D771AA8C68E005B2DA9 /* SampleTestCase.m */,
			);
			path = "SampleProject Tests";
			sourceTree = "<group>";
		};
		251BBD091AA8C5AD00A2C44D /* Supporting Files */ = {
			isa = PBXGroup;
			children = (
				251BBD0A1AA8C5AD00A2C44D /* Info.plist */,
			);
			name = "Supporting Files";
			sourceTree = "<group>";
		};
		4A123A18CE2B5ABD3F4A673F /* Pods */ = {
			isa = PBXGroup;
			children = (
				25D298057225F78D0B04A20B /* Pods-SampleProject Tests.debug.xcconfig */,
				B70B214EDFD878FFAC31249D /* Pods-SampleProject Tests.release.xcconfig */,
			);
			name = Pods;
			sourceTree = "<group>";
		};
		82FA434F528D2F25CC87FE30 /* Frameworks */ = {
			isa = PBXGroup;
			children = (
				419847A91FEFDE804E5BFCBD /* libPods-SampleProject Tests.a */,
			);
			name = Frameworks;
			sourceTree = "<group>";
		};
/* End PBXGroup section */

/* Begin PBXNativeTarget section */
		251BBCD91AA8C58200A2C44D /* SampleProject */ = {
			isa = PBXNativeTarget;
			buildConfigurationList = 251BBCFD1AA8C58200A2C44D /* Build configuration list for PBXNativeTarget "SampleProject" */;
			buildPhases = (
				251BBCD61AA8C58200A2C44D /* Sources */,
				251BBCD71AA8C58200A2C44D /* Frameworks */,
				251BBCD81AA8C58200A2C44D /* Resources */,
			);
			buildRules = (
			);
			dependencies = (
			);
			name = SampleProject;
			productName = SampleProject;
			productReference = 251BBCDA1AA8C58200A2C44D /* SampleProject.app */;
			productType = "com.apple.product-type.application";
		};
		251BBD061AA8C5AD00A2C44D /* SampleProject Tests */ = {
			isa = PBXNativeTarget;
			buildConfigurationList = 251BBD0F1AA8C5AD00A2C44D /* Build configuration list for PBXNativeTarget "SampleProject Tests" */;
			buildPhases = (
				DA444FBB7F12A4386C9365F9 /* Check Pods Manifest.lock */,
				251BBD031AA8C5AD00A2C44D /* Sources */,
				251BBD041AA8C5AD00A2C44D /* Frameworks */,
				251BBD051AA8C5AD00A2C44D /* Resources */,
				2B1ACD9493C6B277B3B12BFD /* Copy Pods Resources */,
			);
			buildRules = (
			);
			dependencies = (
				251BBD0E1AA8C5AD00A2C44D /* PBXTargetDependency */,
			);
			name = "SampleProject Tests";
			productName = "SampleProject Tests";
			productReference = 251BBD071AA8C5AD00A2C44D /* SampleProject Tests.xctest */;
			productType = "com.apple.product-type.bundle.unit-test";
		};
/* End PBXNativeTarget section */

/* Begin PBXProject section */
		251BBCD21AA8C58200A2C44D /* Project object */ = {
			isa = PBXProject;
			attributes = {
				LastUpgradeCheck = 0610;
				ORGANIZATIONNAME = "Jure Zove";
				TargetAttributes = {
					251BBCD91AA8C58200A2C44D = {
						CreatedOnToolsVersion = 6.1.1;
					};
					251BBD061AA8C5AD00A2C44D = {
						CreatedOnToolsVersion = 6.1.1;
						TestTargetID = 251BBCD91AA8C58200A2C44D;
					};
				};
			};
			buildConfigurationList = 251BBCD51AA8C58200A2C44D /* Build configuration list for PBXProject "SampleProject" */;
			compatibilityVersion = "Xcode 3.2";
			developmentRegion = English;
			hasScannedForEncodings = 0;
			knownRegions = (
				en,
				Base,
			);
			mainGroup = 251BBCD11AA8C58200A2C44D;
			productRefGroup = 251BBCDB1AA8C58200A2C44D /* Products */;
			projectDirPath = "";
			projectRoot = "";
			targets = (
				251BBCD91AA8C58200A2C44D /* SampleProject */,
				251BBD061AA8C5AD00A2C44D /* SampleProject Tests */,
			);
		};
/* End PBXProject section */

/* Begin PBXResourcesBuildPhase section */
		251BBCD81AA8C58200A2C44D /* Resources */ = {
			isa = PBXResourcesBuildPhase;
			buildActionMask = 2147483647;
			files = (
				251BBCE91AA8C58200A2C44D /* Main.storyboard in Resources */,
				251BBCEE1AA8C58200A2C44D /* LaunchScreen.xib in Resources */,
				251BBCEB1AA8C58200A2C44D /* Images.xcassets in Resources */,
			);
			runOnlyForDeploymentPostprocessing = 0;
		};
		251BBD051AA8C5AD00A2C44D /* Resources */ = {
			isa = PBXResourcesBuildPhase;
			buildActionMask = 2147483647;
			files = (
			);
			runOnlyForDeploymentPostprocessing = 0;
		};
/* End PBXResourcesBuildPhase section */

/* Begin PBXShellScriptBuildPhase section */
		2B1ACD9493C6B277B3B12BFD /* Copy Pods Resources */ = {
			isa = PBXShellScriptBuildPhase;
			buildActionMask = 2147483647;
			files = (
			);
			inputPaths = (
			);
			name = "Copy Pods Resources";
			outputPaths = (
			);
			runOnlyForDeploymentPostprocessing = 0;
			shellPath = /bin/sh;
			shellScript = "\"${SRCROOT}/Pods/Target Support Files/Pods-SampleProject Tests/Pods-SampleProject Tests-resources.sh\"\n";
			showEnvVarsInLog = 0;
		};
		DA444FBB7F12A4386C9365F9 /* Check Pods Manifest.lock */ = {
			isa = PBXShellScriptBuildPhase;
			buildActionMask = 2147483647;
			files = (
			);
			inputPaths = (
			);
			name = "Check Pods Manifest.lock";
			outputPaths = (
			);
			runOnlyForDeploymentPostprocessing = 0;
			shellPath = /bin/sh;
			shellScript = "diff \"${PODS_ROOT}/../Podfile.lock\" \"${PODS_ROOT}/Manifest.lock\" > /dev/null\nif [[ $? != 0 ]] ; then\n    cat << EOM\nerror: The sandbox is not in sync with the Podfile.lock. Run 'pod install' or update your CocoaPods installation.\nEOM\n    exit 1\nfi\n";
			showEnvVarsInLog = 0;
		};
/* End PBXShellScriptBuildPhase section */

/* Begin PBXSourcesBuildPhase section */
		251BBCD61AA8C58200A2C44D /* Sources */ = {
			isa = PBXSourcesBuildPhase;
			buildActionMask = 2147483647;
			files = (
				251BBCE61AA8C58200A2C44D /* ViewController.m in Sources */,
				251BBCE31AA8C58200A2C44D /* AppDelegate.m in Sources */,
				251BBCE01AA8C58200A2C44D /* main.m in Sources */,
			);
			runOnlyForDeploymentPostprocessing = 0;
		};
		251BBD031AA8C5AD00A2C44D /* Sources */ = {
			isa = PBXSourcesBuildPhase;
			buildActionMask = 2147483647;
			files = (
				259C0D781AA8C68E005B2DA9 /* SampleTestCase.m in Sources */,
			);
			runOnlyForDeploymentPostprocessing = 0;
		};
/* End PBXSourcesBuildPhase section */

/* Begin PBXTargetDependency section */
		251BBD0E1AA8C5AD00A2C44D /* PBXTargetDependency */ = {
			isa = PBXTargetDependency;
			target = 251BBCD91AA8C58200A2C44D /* SampleProject */;
			targetProxy = 251BBD0D1AA8C5AD00A2C44D /* PBXContainerItemProxy */;
		};
/* End PBXTargetDependency section */

/* Begin PBXVariantGroup section */
		251BBCE71AA8C58200A2C44D /* Main.storyboard */ = {
			isa = PBXVariantGroup;
			children = (
				251BBCE81AA8C58200A2C44D /* Base */,
			);
			name = Main.storyboard;
			sourceTree = "<group>";
		};
		251BBCEC1AA8C58200A2C44D /* LaunchScreen.xib */ = {
			isa = PBXVariantGroup;
			children = (
				251BBCED1AA8C58200A2C44D /* Base */,
			);
			name = LaunchScreen.xib;
			sourceTree = "<group>";
		};
/* End PBXVariantGroup section */

/* Begin XCBuildConfiguration section */
		251BBCFB1AA8C58200A2C44D /* Debug */ = {
			isa = XCBuildConfiguration;
			buildSettings = {
				ALWAYS_SEARCH_USER_PATHS = NO;
				CLANG_CXX_LANGUAGE_STANDARD = "gnu++0x";
				CLANG_CXX_LIBRARY = "libc++";
				CLANG_ENABLE_MODULES = YES;
				CLANG_ENABLE_OBJC_ARC = YES;
				CLANG_WARN_BOOL_CONVERSION = YES;
				CLANG_WARN_CONSTANT_CONVERSION = YES;
				CLANG_WARN_DIRECT_OBJC_ISA_USAGE = YES_ERROR;
				CLANG_WARN_EMPTY_BODY = YES;
				CLANG_WARN_ENUM_CONVERSION = YES;
				CLANG_WARN_INT_CONVERSION = YES;
				CLANG_WARN_OBJC_ROOT_CLASS = YES_ERROR;
				CLANG_WARN_UNREACHABLE_CODE = YES;
				CLANG_WARN__DUPLICATE_METHOD_MATCH = YES;
				"CODE_SIGN_IDENTITY[sdk=iphoneos*]" = "iPhone Developer";
				COPY_PHASE_STRIP = NO;
				ENABLE_STRICT_OBJC_MSGSEND = YES;
				GCC_C_LANGUAGE_STANDARD = gnu99;
				GCC_DYNAMIC_NO_PIC = NO;
				GCC_OPTIMIZATION_LEVEL = 0;
				GCC_PREPROCESSOR_DEFINITIONS = (
					"DEBUG=1",
					"$(inherited)",
				);
				GCC_SYMBOLS_PRIVATE_EXTERN = NO;
				GCC_WARN_64_TO_32_BIT_CONVERSION = YES;
				GCC_WARN_ABOUT_RETURN_TYPE = YES_ERROR;
				GCC_WARN_UNDECLARED_SELECTOR = YES;
				GCC_WARN_UNINITIALIZED_AUTOS = YES_AGGRESSIVE;
				GCC_WARN_UNUSED_FUNCTION = YES;
				GCC_WARN_UNUSED_VARIABLE = YES;
				IPHONEOS_DEPLOYMENT_TARGET = 8.1;
				MTL_ENABLE_DEBUG_INFO = YES;
				ONLY_ACTIVE_ARCH = YES;
				SDKROOT = iphoneos;
			};
			name = Debug;
		};
		251BBCFC1AA8C58200A2C44D /* Release */ = {
			isa = XCBuildConfiguration;
			buildSettings = {
				ALWAYS_SEARCH_USER_PATHS = NO;
				CLANG_CXX_LANGUAGE_STANDARD = "gnu++0x";
				CLANG_CXX_LIBRARY = "libc++";
				CLANG_ENABLE_MODULES = YES;
				CLANG_ENABLE_OBJC_ARC = YES;
				CLANG_WARN_BOOL_CONVERSION = YES;
				CLANG_WARN_CONSTANT_CONVERSION = YES;
				CLANG_WARN_DIRECT_OBJC_ISA_USAGE = YES_ERROR;
				CLANG_WARN_EMPTY_BODY = YES;
				CLANG_WARN_ENUM_CONVERSION = YES;
				CLANG_WARN_INT_CONVERSION = YES;
				CLANG_WARN_OBJC_ROOT_CLASS = YES_ERROR;
				CLANG_WARN_UNREACHABLE_CODE = YES;
				CLANG_WARN__DUPLICATE_METHOD_MATCH = YES;
				"CODE_SIGN_IDENTITY[sdk=iphoneos*]" = "iPhone Developer";
				COPY_PHASE_STRIP = YES;
				ENABLE_NS_ASSERTIONS = NO;
				ENABLE_STRICT_OBJC_MSGSEND = YES;
				GCC_C_LANGUAGE_STANDARD = gnu99;
				GCC_WARN_64_TO_32_BIT_CONVERSION = YES;
				GCC_WARN_ABOUT_RETURN_TYPE = YES_ERROR;
				GCC_WARN_UNDECLARED_SELECTOR = YES;
				GCC_WARN_UNINITIALIZED_AUTOS = YES_AGGRESSIVE;
				GCC_WARN_UNUSED_FUNCTION = YES;
				GCC_WARN_UNUSED_VARIABLE = YES;
				IPHONEOS_DEPLOYMENT_TARGET = 8.1;
				MTL_ENABLE_DEBUG_INFO = NO;
				SDKROOT = iphoneos;
				VALIDATE_PRODUCT = YES;
			};
			name = Release;
		};
		251BBCFE1AA8C58200A2C44D /* Debug */ = {
			isa = XCBuildConfiguration;
			buildSettings = {
				ASSETCATALOG_COMPILER_APPICON_NAME = AppIcon;
				INFOPLIST_FILE = SampleProject/Info.plist;
				LD_RUNPATH_SEARCH_PATHS = "$(inherited) @executable_path/Frameworks";
				PRODUCT_NAME = "$(TARGET_NAME)";
			};
			name = Debug;
		};
		251BBCFF1AA8C58200A2C44D /* Release */ = {
			isa = XCBuildConfiguration;
			buildSettings = {
				ASSETCATALOG_COMPILER_APPICON_NAME = AppIcon;
				INFOPLIST_FILE = SampleProject/Info.plist;
				LD_RUNPATH_SEARCH_PATHS = "$(inherited) @executable_path/Frameworks";
				PRODUCT_NAME = "$(TARGET_NAME)";
			};
			name = Release;
		};
		251BBD101AA8C5AD00A2C44D /* Debug */ = {
			isa = XCBuildConfiguration;
			baseConfigurationReference = 25D298057225F78D0B04A20B /* Pods-SampleProject Tests.debug.xcconfig */;
			buildSettings = {
				BUNDLE_LOADER = "$(TEST_HOST)";
				FRAMEWORK_SEARCH_PATHS = (
					"$(SDKROOT)/Developer/Library/Frameworks",
					"$(inherited)",
				);
				GCC_PREPROCESSOR_DEFINITIONS = (
					"DEBUG=1",
					"$(inherited)",
				);
				INFOPLIST_FILE = "SampleProject Tests/Info.plist";
				LD_RUNPATH_SEARCH_PATHS = "$(inherited) @executable_path/Frameworks @loader_path/Frameworks";
				PRODUCT_NAME = "$(TARGET_NAME)";
				TEST_HOST = "$(BUILT_PRODUCTS_DIR)/SampleProject.app/SampleProject";
			};
			name = Debug;
		};
		251BBD111AA8C5AD00A2C44D /* Release */ = {
			isa = XCBuildConfiguration;
			baseConfigurationReference = B70B214EDFD878FFAC31249D /* Pods-SampleProject Tests.release.xcconfig */;
			buildSettings = {
				BUNDLE_LOADER = "$(TEST_HOST)";
				FRAMEWORK_SEARCH_PATHS = (
					"$(SDKROOT)/Developer/Library/Frameworks",
					"$(inherited)",
				);
				INFOPLIST_FILE = "SampleProject Tests/Info.plist";
				LD_RUNPATH_SEARCH_PATHS = "$(inherited) @executable_path/Frameworks @loader_path/Frameworks";
				PRODUCT_NAME = "$(TARGET_NAME)";
				TEST_HOST = "$(BUILT_PRODUCTS_DIR)/SampleProject.app/SampleProject";
			};
			name = Release;
		};
/* End XCBuildConfiguration section */

/* Begin XCConfigurationList section */
		251BBCD51AA8C58200A2C44D /* Build configuration list for PBXProject "SampleProject" */ = {
			isa = XCConfigurationList;
			buildConfigurations = (
				251BBCFB1AA8C58200A2C44D /* Debug */,
				251BBCFC1AA8C58200A2C44D /* Release */,
			);
			defaultConfigurationIsVisible = 0;
			defaultConfigurationName = Release;
		};
		251BBCFD1AA8C58200A2C44D /* Build configuration list for PBXNativeTarget "SampleProject" */ = {
			isa = XCConfigurationList;
			buildConfigurations = (
				251BBCFE1AA8C58200A2C44D /* Debug */,
				251BBCFF1AA8C58200A2C44D /* Release */,
			);
			defaultConfigurationIsVisible = 0;
			defaultConfigurationName = Release;
		};
		251BBD0F1AA8C5AD00A2C44D /* Build configuration list for PBXNativeTarget "SampleProject Tests" */ = {
			isa = XCConfigurationList;
			buildConfigurations = (
				251BBD101AA8C5AD00A2C44D /* Debug */,
				251BBD111AA8C5AD00A2C44D /* Release */,
			);
			defaultConfigurationIsVisible = 0;
			defaultConfigurationName = Release;
		};
/* End XCConfigurationList section */
	};
	rootObject = 251BBCD21AA8C58200A2C44D /* Project object */;
}
